
Microsoft Visual Studio Solution File, Format Version 12.00
# Visual Studio Version 17
VisualStudioVersion = 17.14.36109.1 d17.14
MinimumVisualStudioVersion = 10.0.40219.1
Project("{8BC9CEB8-8B4A-11D0-8D11-00A0C91BC942}") = "Lab2_MovementPointer", "Lab2_MovementPointer.vcxproj", "{E4C66F0C-A555-4C5A-90B0-95F7E7B3A373}"
EndProject
Global
	GlobalSection(SolutionConfigurationPlatforms) = preSolution
		Debug|x64 = Debug|x64
		Debug|x86 = Debug|x86
		Release|x64 = Release|x64
		Release|x86 = Release|x86
	EndGlobalSection
	GlobalSection(ProjectConfigurationPlatforms) = postSolution
		{E4C66F0C-A555-4C5A-90B0-95F7E7B3A373}.Debug|x64.ActiveCfg = Debug|x64
		{E4C66F0C-A555-4C5A-90B0-95F7E7B3A373}.Debug|x64.Build.0 = Debug|x64
		{E4C66F0C-A555-4C5A-90B0-95F7E7B3A373}.Debug|x86.ActiveCfg = Debug|Win32
		{E4C66F0C-A555-4C5A-90B0-95F7E7B3A373}.Debug|x86.Build.0 = Debug|Win32
		{E4C66F0C-A555-4C5A-90B0-95F7E7B3A373}.Release|x64.ActiveCfg = Release|x64
		{E4C66F0C-A555-4C5A-90B0-95F7E7B3A373}.Release|x64.Build.0 = Release|x64
		{E4C66F0C-A555-4C5A-90B0-95F7E7B3A373}.Release|x86.ActiveCfg = Release|Win32
		{E4C66F0C-A555-4C5A-90B0-95F7E7B3A373}.Release|x86.Build.0 = Release|Win32
	EndGlobalSection
	GlobalSection(SolutionProperties) = preSolution
		HideSolutionNode = FALSE
	EndGlobalSection
	GlobalSection(ExtensibilityGlobals) = postSolution
		SolutionGuid = {6CA9E317-04B2-44BE-986C-0050F9044D28}
	EndGlobalSection
EndGlobal
